
Microsoft Visual Studio Solution File, Format Version 12.00
# Visual Studio 15
VisualStudioVersion = 15.0.28010.2036
MinimumVisualStudioVersion = 10.0.40219.1
Project("{8BC9CEB8-8B4A-11D0-8D11-00A0C91BC942}") = "01-linear-program", "1-linear-program\1-linear-program.vcxproj", "{77A3F47C-6BF6-4909-846C-D20B7B87001B}"
EndProject
Project("{8BC9CEB8-8B4A-11D0-8D11-00A0C91BC942}") = "02-conditionals-loops-1", "2-conditionals-loops-1\2-conditionals-loops-1.vcxproj", "{D65D0007-932D-4877-AEB6-D82315E31B44}"
EndProject
Project("{8BC9CEB8-8B4A-11D0-8D11-00A0C91BC942}") = "03-conditionals-loops-2", "3-conditionals-loops-2\3-conditionals-loops-2.vcxproj", "{5C7B7607-3781-41C1-8D9E-01F594C41D8F}"
EndProject
Project("{8BC9CEB8-8B4A-11D0-8D11-00A0C91BC942}") = "04-functions", "4-functions\4-functions.vcxproj", "{8C2B951A-696C-42C4-974A-74F6E833056A}"
EndProject
Project("{8BC9CEB8-8B4A-11D0-8D11-00A0C91BC942}") = "05-arrays-1d", "5-arrays-1d\5-arrays-1d.vcxproj", "{FA28EA6F-AD55-46A2-9DC1-7ACD742DF3D4}"
EndProject
Project("{8BC9CEB8-8B4A-11D0-8D11-00A0C91BC942}") = "06-arrays-2d", "6-arrays-2d\6-arrays-2d.vcxproj", "{D9B1FB31-3BD5-4456-AAF3-86F9A2FC1A2C}"
EndProject
Project("{8BC9CEB8-8B4A-11D0-8D11-00A0C91BC942}") = "07-strings", "7-strings\7-strings.vcxproj", "{7C730BF2-189D-4EF4-9B39-EEA8C7C1EC30}"
EndProject
Project("{8BC9CEB8-8B4A-11D0-8D11-00A0C91BC942}") = "08-structures", "08-structures\08-structures.vcxproj", "{9841597E-B2BB-4FF3-A17C-F690BC413D73}"
EndProject
Project("{8BC9CEB8-8B4A-11D0-8D11-00A0C91BC942}") = "09-multi-file-project", "9-multi-file-project\9-multi-file-project.vcxproj", "{56D1CECE-AC04-4B23-A995-45AE85BBC9F7}"
EndProject
Project("{8BC9CEB8-8B4A-11D0-8D11-00A0C91BC942}") = "10-templates", "10-templates\10-templates.vcxproj", "{0D3281ED-67A8-4B73-8642-12437A01745C}"
EndProject
Global
	GlobalSection(SolutionConfigurationPlatforms) = preSolution
		Debug|x64 = Debug|x64
		Debug|x86 = Debug|x86
		Release|x64 = Release|x64
		Release|x86 = Release|x86
	EndGlobalSection
	GlobalSection(ProjectConfigurationPlatforms) = postSolution
		{77A3F47C-6BF6-4909-846C-D20B7B87001B}.Debug|x64.ActiveCfg = Debug|x64
		{77A3F47C-6BF6-4909-846C-D20B7B87001B}.Debug|x64.Build.0 = Debug|x64
		{77A3F47C-6BF6-4909-846C-D20B7B87001B}.Debug|x86.ActiveCfg = Debug|Win32
		{77A3F47C-6BF6-4909-846C-D20B7B87001B}.Debug|x86.Build.0 = Debug|Win32
		{77A3F47C-6BF6-4909-846C-D20B7B87001B}.Release|x64.ActiveCfg = Release|x64
		{77A3F47C-6BF6-4909-846C-D20B7B87001B}.Release|x64.Build.0 = Release|x64
		{77A3F47C-6BF6-4909-846C-D20B7B87001B}.Release|x86.ActiveCfg = Release|Win32
		{77A3F47C-6BF6-4909-846C-D20B7B87001B}.Release|x86.Build.0 = Release|Win32
		{D65D0007-932D-4877-AEB6-D82315E31B44}.Debug|x64.ActiveCfg = Debug|x64
		{D65D0007-932D-4877-AEB6-D82315E31B44}.Debug|x64.Build.0 = Debug|x64
		{D65D0007-932D-4877-AEB6-D82315E31B44}.Debug|x86.ActiveCfg = Debug|Win32
		{D65D0007-932D-4877-AEB6-D82315E31B44}.Debug|x86.Build.0 = Debug|Win32
		{D65D0007-932D-4877-AEB6-D82315E31B44}.Release|x64.ActiveCfg = Release|x64
		{D65D0007-932D-4877-AEB6-D82315E31B44}.Release|x64.Build.0 = Release|x64
		{D65D0007-932D-4877-AEB6-D82315E31B44}.Release|x86.ActiveCfg = Release|Win32
		{D65D0007-932D-4877-AEB6-D82315E31B44}.Release|x86.Build.0 = Release|Win32
		{5C7B7607-3781-41C1-8D9E-01F594C41D8F}.Debug|x64.ActiveCfg = Debug|x64
		{5C7B7607-3781-41C1-8D9E-01F594C41D8F}.Debug|x64.Build.0 = Debug|x64
		{5C7B7607-3781-41C1-8D9E-01F594C41D8F}.Debug|x86.ActiveCfg = Debug|Win32
		{5C7B7607-3781-41C1-8D9E-01F594C41D8F}.Debug|x86.Build.0 = Debug|Win32
		{5C7B7607-3781-41C1-8D9E-01F594C41D8F}.Release|x64.ActiveCfg = Release|x64
		{5C7B7607-3781-41C1-8D9E-01F594C41D8F}.Release|x64.Build.0 = Release|x64
		{5C7B7607-3781-41C1-8D9E-01F594C41D8F}.Release|x86.ActiveCfg = Release|Win32
		{5C7B7607-3781-41C1-8D9E-01F594C41D8F}.Release|x86.Build.0 = Release|Win32
		{8C2B951A-696C-42C4-974A-74F6E833056A}.Debug|x64.ActiveCfg = Debug|x64
		{8C2B951A-696C-42C4-974A-74F6E833056A}.Debug|x64.Build.0 = Debug|x64
		{8C2B951A-696C-42C4-974A-74F6E833056A}.Debug|x86.ActiveCfg = Debug|Win32
		{8C2B951A-696C-42C4-974A-74F6E833056A}.Debug|x86.Build.0 = Debug|Win32
		{8C2B951A-696C-42C4-974A-74F6E833056A}.Release|x64.ActiveCfg = Release|x64
		{8C2B951A-696C-42C4-974A-74F6E833056A}.Release|x64.Build.0 = Release|x64
		{8C2B951A-696C-42C4-974A-74F6E833056A}.Release|x86.ActiveCfg = Release|Win32
		{8C2B951A-696C-42C4-974A-74F6E833056A}.Release|x86.Build.0 = Release|Win32
		{FA28EA6F-AD55-46A2-9DC1-7ACD742DF3D4}.Debug|x64.ActiveCfg = Debug|x64
		{FA28EA6F-AD55-46A2-9DC1-7ACD742DF3D4}.Debug|x64.Build.0 = Debug|x64
		{FA28EA6F-AD55-46A2-9DC1-7ACD742DF3D4}.Debug|x86.ActiveCfg = Debug|Win32
		{FA28EA6F-AD55-46A2-9DC1-7ACD742DF3D4}.Debug|x86.Build.0 = Debug|Win32
		{FA28EA6F-AD55-46A2-9DC1-7ACD742DF3D4}.Release|x64.ActiveCfg = Release|x64
		{FA28EA6F-AD55-46A2-9DC1-7ACD742DF3D4}.Release|x64.Build.0 = Release|x64
		{FA28EA6F-AD55-46A2-9DC1-7ACD742DF3D4}.Release|x86.ActiveCfg = Release|Win32
		{FA28EA6F-AD55-46A2-9DC1-7ACD742DF3D4}.Release|x86.Build.0 = Release|Win32
		{D9B1FB31-3BD5-4456-AAF3-86F9A2FC1A2C}.Debug|x64.ActiveCfg = Debug|x64
		{D9B1FB31-3BD5-4456-AAF3-86F9A2FC1A2C}.Debug|x64.Build.0 = Debug|x64
		{D9B1FB31-3BD5-4456-AAF3-86F9A2FC1A2C}.Debug|x86.ActiveCfg = Debug|Win32
		{D9B1FB31-3BD5-4456-AAF3-86F9A2FC1A2C}.Debug|x86.Build.0 = Debug|Win32
		{D9B1FB31-3BD5-4456-AAF3-86F9A2FC1A2C}.Release|x64.ActiveCfg = Release|x64
		{D9B1FB31-3BD5-4456-AAF3-86F9A2FC1A2C}.Release|x64.Build.0 = Release|x64
		{D9B1FB31-3BD5-4456-AAF3-86F9A2FC1A2C}.Release|x86.ActiveCfg = Release|Win32
		{D9B1FB31-3BD5-4456-AAF3-86F9A2FC1A2C}.Release|x86.Build.0 = Release|Win32
		{7C730BF2-189D-4EF4-9B39-EEA8C7C1EC30}.Debug|x64.ActiveCfg = Debug|x64
		{7C730BF2-189D-4EF4-9B39-EEA8C7C1EC30}.Debug|x64.Build.0 = Debug|x64
		{7C730BF2-189D-4EF4-9B39-EEA8C7C1EC30}.Debug|x86.ActiveCfg = Debug|Win32
		{7C730BF2-189D-4EF4-9B39-EEA8C7C1EC30}.Debug|x86.Build.0 = Debug|Win32
		{7C730BF2-189D-4EF4-9B39-EEA8C7C1EC30}.Release|x64.ActiveCfg = Release|x64
		{7C730BF2-189D-4EF4-9B39-EEA8C7C1EC30}.Release|x64.Build.0 = Release|x64
		{7C730BF2-189D-4EF4-9B39-EEA8C7C1EC30}.Release|x86.ActiveCfg = Release|Win32
		{7C730BF2-189D-4EF4-9B39-EEA8C7C1EC30}.Release|x86.Build.0 = Release|Win32
		{9841597E-B2BB-4FF3-A17C-F690BC413D73}.Debug|x64.ActiveCfg = Debug|x64
		{9841597E-B2BB-4FF3-A17C-F690BC413D73}.Debug|x64.Build.0 = Debug|x64
		{9841597E-B2BB-4FF3-A17C-F690BC413D73}.Debug|x86.ActiveCfg = Debug|Win32
		{9841597E-B2BB-4FF3-A17C-F690BC413D73}.Debug|x86.Build.0 = Debug|Win32
		{9841597E-B2BB-4FF3-A17C-F690BC413D73}.Release|x64.ActiveCfg = Release|x64
		{9841597E-B2BB-4FF3-A17C-F690BC413D73}.Release|x64.Build.0 = Release|x64
		{9841597E-B2BB-4FF3-A17C-F690BC413D73}.Release|x86.ActiveCfg = Release|Win32
		{9841597E-B2BB-4FF3-A17C-F690BC413D73}.Release|x86.Build.0 = Release|Win32
		{56D1CECE-AC04-4B23-A995-45AE85BBC9F7}.Debug|x64.ActiveCfg = Debug|x64
		{56D1CECE-AC04-4B23-A995-45AE85BBC9F7}.Debug|x64.Build.0 = Debug|x64
		{56D1CECE-AC04-4B23-A995-45AE85BBC9F7}.Debug|x86.ActiveCfg = Debug|Win32
		{56D1CECE-AC04-4B23-A995-45AE85BBC9F7}.Debug|x86.Build.0 = Debug|Win32
		{56D1CECE-AC04-4B23-A995-45AE85BBC9F7}.Release|x64.ActiveCfg = Release|x64
		{56D1CECE-AC04-4B23-A995-45AE85BBC9F7}.Release|x64.Build.0 = Release|x64
		{56D1CECE-AC04-4B23-A995-45AE85BBC9F7}.Release|x86.ActiveCfg = Release|Win32
		{56D1CECE-AC04-4B23-A995-45AE85BBC9F7}.Release|x86.Build.0 = Release|Win32
		{0D3281ED-67A8-4B73-8642-12437A01745C}.Debug|x64.ActiveCfg = Debug|x64
		{0D3281ED-67A8-4B73-8642-12437A01745C}.Debug|x64.Build.0 = Debug|x64
		{0D3281ED-67A8-4B73-8642-12437A01745C}.Debug|x86.ActiveCfg = Debug|Win32
		{0D3281ED-67A8-4B73-8642-12437A01745C}.Debug|x86.Build.0 = Debug|Win32
		{0D3281ED-67A8-4B73-8642-12437A01745C}.Release|x64.ActiveCfg = Release|x64
		{0D3281ED-67A8-4B73-8642-12437A01745C}.Release|x64.Build.0 = Release|x64
		{0D3281ED-67A8-4B73-8642-12437A01745C}.Release|x86.ActiveCfg = Release|Win32
		{0D3281ED-67A8-4B73-8642-12437A01745C}.Release|x86.Build.0 = Release|Win32
	EndGlobalSection
	GlobalSection(SolutionProperties) = preSolution
		HideSolutionNode = FALSE
	EndGlobalSection
	GlobalSection(ExtensibilityGlobals) = postSolution
		SolutionGuid = {3EBE848D-326A-4122-A790-4A737763D2B4}
	EndGlobalSection
EndGlobal
